
Microsoft Visual Studio Solution File, Format Version 12.00
# Visual Studio Version 17
VisualStudioVersion = 17.10.34928.147
MinimumVisualStudioVersion = 10.0.40219.1
Project("{FAE04EC0-301F-11D3-BF4B-00C04F79EFBC}") = "WebApp", "Lab_ImageOperations\WebApp.csproj", "{0C038DA3-62FC-4E68-83EA-237CD338195D}"
EndProject
Project("{FAE04EC0-301F-11D3-BF4B-00C04F79EFBC}") = "DAL", "DAL\DAL.csproj", "{F66A6063-1879-4237-A8E7-EDE8A5061737}"
EndProject
Global
	GlobalSection(SolutionConfigurationPlatforms) = preSolution
		Debug|Any CPU = Debug|Any CPU
		Release|Any CPU = Release|Any CPU
	EndGlobalSection
	GlobalSection(ProjectConfigurationPlatforms) = postSolution
		{0C038DA3-62FC-4E68-83EA-237CD338195D}.Debug|Any CPU.ActiveCfg = Debug|Any CPU
		{0C038DA3-62FC-4E68-83EA-237CD338195D}.Debug|Any CPU.Build.0 = Debug|Any CPU
		{0C038DA3-62FC-4E68-83EA-237CD338195D}.Release|Any CPU.ActiveCfg = Release|Any CPU
		{0C038DA3-62FC-4E68-83EA-237CD338195D}.Release|Any CPU.Build.0 = Release|Any CPU
		{F66A6063-1879-4237-A8E7-EDE8A5061737}.Debug|Any CPU.ActiveCfg = Debug|Any CPU
		{F66A6063-1879-4237-A8E7-EDE8A5061737}.Debug|Any CPU.Build.0 = Debug|Any CPU
		{F66A6063-1879-4237-A8E7-EDE8A5061737}.Release|Any CPU.ActiveCfg = Release|Any CPU
		{F66A6063-1879-4237-A8E7-EDE8A5061737}.Release|Any CPU.Build.0 = Release|Any CPU
	EndGlobalSection
	GlobalSection(SolutionProperties) = preSolution
		HideSolutionNode = FALSE
	EndGlobalSection
	GlobalSection(ExtensibilityGlobals) = postSolution
		SolutionGuid = {25A2DB80-32D5-41A5-94C7-E66000A55305}
	EndGlobalSection
EndGlobal
